
Microsoft Visual Studio Solution File, Format Version 12.00
# Visual Studio Version 16
VisualStudioVersion = 16.0.30204.135
MinimumVisualStudioVersion = 10.0.40219.1
Project("{9A19103F-16F7-4668-BE54-9A1E7A4F7556}") = "BudgetAllocationsService", "BudgetAllocationsService\BudgetAllocationsService.csproj", "{E7112593-32BC-4F9A-B3E5-DD24B8FAD9E1}"
EndProject
Project("{FAE04EC0-301F-11D3-BF4B-00C04F79EFBC}") = "BudgetAllocationsService.Test", "BudgetAllocationsService.Test\BudgetAllocationsService.Test.csproj", "{990FA0B8-15F1-4A1A-8445-FADABDF6D678}"
EndProject
Global
	GlobalSection(SolutionConfigurationPlatforms) = preSolution
		Debug|Any CPU = Debug|Any CPU
		Release|Any CPU = Release|Any CPU
	EndGlobalSection
	GlobalSection(ProjectConfigurationPlatforms) = postSolution
		{E7112593-32BC-4F9A-B3E5-DD24B8FAD9E1}.Debug|Any CPU.ActiveCfg = Debug|Any CPU
		{E7112593-32BC-4F9A-B3E5-DD24B8FAD9E1}.Debug|Any CPU.Build.0 = Debug|Any CPU
		{E7112593-32BC-4F9A-B3E5-DD24B8FAD9E1}.Release|Any CPU.ActiveCfg = Release|Any CPU
		{E7112593-32BC-4F9A-B3E5-DD24B8FAD9E1}.Release|Any CPU.Build.0 = Release|Any CPU
		{990FA0B8-15F1-4A1A-8445-FADABDF6D678}.Debug|Any CPU.ActiveCfg = Debug|Any CPU
		{990FA0B8-15F1-4A1A-8445-FADABDF6D678}.Debug|Any CPU.Build.0 = Debug|Any CPU
		{990FA0B8-15F1-4A1A-8445-FADABDF6D678}.Release|Any CPU.ActiveCfg = Release|Any CPU
		{990FA0B8-15F1-4A1A-8445-FADABDF6D678}.Release|Any CPU.Build.0 = Release|Any CPU
	EndGlobalSection
	GlobalSection(SolutionProperties) = preSolution
		HideSolutionNode = FALSE
	EndGlobalSection
	GlobalSection(ExtensibilityGlobals) = postSolution
		SolutionGuid = {F1B4C512-C472-480B-9AA1-90685875680B}
	EndGlobalSection
EndGlobal
